// !$*UTF8*$!
{
	archiveVersion = 1;
	classes = {
	};
	objectVersion = 56;
	objects = {

/* Begin PBXBuildFile section */
		05DF575F2A3330E200D3907C /* LogicView.swift in Sources */ = {isa = PBXBuildFile; fileRef = 05DF57582A3330E200D3907C /* LogicView.swift */; };
		05DF57602A3330E200D3907C /* CoachMark.swift in Sources */ = {isa = PBXBuildFile; fileRef = 05DF57592A3330E200D3907C /* CoachMark.swift */; };
		05DF57612A3330E200D3907C /* UIUXView.swift in Sources */ = {isa = PBXBuildFile; fileRef = 05DF575A2A3330E200D3907C /* UIUXView.swift */; };
		05DF57622A3330E200D3907C /* GateView.swift in Sources */ = {isa = PBXBuildFile; fileRef = 05DF575B2A3330E200D3907C /* GateView.swift */; };
		05DF57642A3330E200D3907C /* ProgrammingView.swift in Sources */ = {isa = PBXBuildFile; fileRef = 05DF575D2A3330E200D3907C /* ProgrammingView.swift */; };
		05DF57652A3330E200D3907C /* MathematicsView.swift in Sources */ = {isa = PBXBuildFile; fileRef = 05DF575E2A3330E200D3907C /* MathematicsView.swift */; };
		5721C6352A2ADB050010108C /* SplashScreen.swift in Sources */ = {isa = PBXBuildFile; fileRef = 5721C6342A2ADB050010108C /* SplashScreen.swift */; };
		572B07372A2C39A200E341A1 /* HomeScreen.swift in Sources */ = {isa = PBXBuildFile; fileRef = 572B07362A2C39A200E341A1 /* HomeScreen.swift */; };
		573ABDE42A8C400600CDEF2A /* ScoreManager.swift in Sources */ = {isa = PBXBuildFile; fileRef = 573ABDE32A8C400600CDEF2A /* ScoreManager.swift */; };
		573ABDE92A8C61FD00CDEF2A /* BackgroundStoryModel.swift in Sources */ = {isa = PBXBuildFile; fileRef = 573ABDE82A8C61FD00CDEF2A /* BackgroundStoryModel.swift */; };
		573ABDED2A8C7E0F00CDEF2A /* GateViewModel.swift in Sources */ = {isa = PBXBuildFile; fileRef = 573ABDEC2A8C7E0F00CDEF2A /* GateViewModel.swift */; };
		57421EBB2A327672004B254B /* InputNameScreen.swift in Sources */ = {isa = PBXBuildFile; fileRef = 57421EBA2A327672004B254B /* InputNameScreen.swift */; };
		57421EBD2A3276D0004B254B /* BackgroundStoryView.swift in Sources */ = {isa = PBXBuildFile; fileRef = 57421EBC2A3276D0004B254B /* BackgroundStoryView.swift */; };
		57421EBF2A3278FE004B254B /* DisclaimerView.swift in Sources */ = {isa = PBXBuildFile; fileRef = 57421EBE2A3278FE004B254B /* DisclaimerView.swift */; };
		577BFDC92A33FD5C00DD369B /* ProgressbarQuiz.swift in Sources */ = {isa = PBXBuildFile; fileRef = 577BFDC82A33FD5C00DD369B /* ProgressbarQuiz.swift */; };
		57860A942A36DE5800C95743 /* LaTeXSwiftUI in Frameworks */ = {isa = PBXBuildFile; productRef = 57860A932A36DE5800C95743 /* LaTeXSwiftUI */; };
		57B632472A30A2B500DE7B04 /* UserManager.swift in Sources */ = {isa = PBXBuildFile; fileRef = 57B632462A30A2B500DE7B04 /* UserManager.swift */; };
		57B632492A30AC0400DE7B04 /* LevelPageView.swift in Sources */ = {isa = PBXBuildFile; fileRef = 57B632482A30AC0400DE7B04 /* LevelPageView.swift */; };
		57B6324D2A30B0E300DE7B04 /* RoundedCornerItem.swift in Sources */ = {isa = PBXBuildFile; fileRef = 57B6324C2A30B0E300DE7B04 /* RoundedCornerItem.swift */; };
		57D3DE182A2CDC9A00EC774D /* OnBoardingScreen.swift in Sources */ = {isa = PBXBuildFile; fileRef = 57D3DE172A2CDC9A00EC774D /* OnBoardingScreen.swift */; };
		57D3DE1A2A2CDCCA00EC774D /* ExplanationLessonScreen.swift in Sources */ = {isa = PBXBuildFile; fileRef = 57D3DE192A2CDCCA00EC774D /* ExplanationLessonScreen.swift */; };
		57D3DE1C2A2CDE5200EC774D /* DataExplanationLesson.swift in Sources */ = {isa = PBXBuildFile; fileRef = 57D3DE1B2A2CDE5200EC774D /* DataExplanationLesson.swift */; };
		57E1C2912A8E215600700DAE /* LessonViewModel.swift in Sources */ = {isa = PBXBuildFile; fileRef = 57E1C2902A8E215600700DAE /* LessonViewModel.swift */; };
		57E1C2BD2A8FD5EC00700DAE /* LogicExtensionView.swift in Sources */ = {isa = PBXBuildFile; fileRef = 57E1C2BC2A8FD5EC00700DAE /* LogicExtensionView.swift */; };
		57E1C2C32A8FDFC700700DAE /* ExtensionsMath.swift in Sources */ = {isa = PBXBuildFile; fileRef = 57E1C2C22A8FDFC700700DAE /* ExtensionsMath.swift */; };
		57E1C2C52A8FE03B00700DAE /* ExtensionsProgramming.swift in Sources */ = {isa = PBXBuildFile; fileRef = 57E1C2C42A8FE03B00700DAE /* ExtensionsProgramming.swift */; };
		57E1C2C72A8FE06200700DAE /* ExtensionUiUx.swift in Sources */ = {isa = PBXBuildFile; fileRef = 57E1C2C62A8FE06200700DAE /* ExtensionUiUx.swift */; };
		57E1C2C92A905E0100700DAE /* ExtensionsGateView.swift in Sources */ = {isa = PBXBuildFile; fileRef = 57E1C2C82A905E0100700DAE /* ExtensionsGateView.swift */; };
		8C11D4E02A31BF8000E5FCCF /* DragAndDrop.swift in Sources */ = {isa = PBXBuildFile; fileRef = 8C11D4DF2A31BF8000E5FCCF /* DragAndDrop.swift */; };
		8C1BBCD32A26FDFE007090F3 /* Mingo_ITApp.swift in Sources */ = {isa = PBXBuildFile; fileRef = 8C1BBCD22A26FDFE007090F3 /* Mingo_ITApp.swift */; };
		8C1BBCD72A26FDFE007090F3 /* Assets.xcassets in Resources */ = {isa = PBXBuildFile; fileRef = 8C1BBCD62A26FDFE007090F3 /* Assets.xcassets */; };
		8C1BBCDA2A26FDFE007090F3 /* Preview Assets.xcassets in Resources */ = {isa = PBXBuildFile; fileRef = 8C1BBCD92A26FDFE007090F3 /* Preview Assets.xcassets */; };
		8C33A67E2A2CA3780000A067 /* MButton.swift in Sources */ = {isa = PBXBuildFile; fileRef = 8C33A67D2A2CA3780000A067 /* MButton.swift */; };
		8C33A6802A2CA38E0000A067 /* Extentsions.swift in Sources */ = {isa = PBXBuildFile; fileRef = 8C33A67F2A2CA38E0000A067 /* Extentsions.swift */; };
		8C33A6822A2CA3C70000A067 /* CompleteLessonScreen.swift in Sources */ = {isa = PBXBuildFile; fileRef = 8C3E96E22A2C33C3006B13B4 /* CompleteLessonScreen.swift */; };
		8C33A6832A2CA3CF0000A067 /* IncompleteLessonScreen.swift in Sources */ = {isa = PBXBuildFile; fileRef = 8C3E96E42A2C378E006B13B4 /* IncompleteLessonScreen.swift */; };
		8C54016D2A2D874500AF5603 /* ProfileScreen.swift in Sources */ = {isa = PBXBuildFile; fileRef = 8C54016C2A2D874500AF5603 /* ProfileScreen.swift */; };
		8C5401732A2D97BD00AF5603 /* ProgressBar.swift in Sources */ = {isa = PBXBuildFile; fileRef = 8C5401722A2D97BD00AF5603 /* ProgressBar.swift */; };
		8C5840432A2F7A0800A0BD19 /* QuizCard.swift in Sources */ = {isa = PBXBuildFile; fileRef = 8C5840422A2F7A0800A0BD19 /* QuizCard.swift */; };
		8C5840452A2F7C1000A0BD19 /* RadioButtonGroup.swift in Sources */ = {isa = PBXBuildFile; fileRef = 8C5840442A2F7C1000A0BD19 /* RadioButtonGroup.swift */; };
/* End PBXBuildFile section */

/* Begin PBXFileReference section */
		05DF57582A3330E200D3907C /* LogicView.swift */ = {isa = PBXFileReference; fileEncoding = 4; lastKnownFileType = sourcecode.swift; path = LogicView.swift; sourceTree = "<group>"; };
		05DF57592A3330E200D3907C /* CoachMark.swift */ = {isa = PBXFileReference; fileEncoding = 4; lastKnownFileType = sourcecode.swift; path = CoachMark.swift; sourceTree = "<group>"; };
		05DF575A2A3330E200D3907C /* UIUXView.swift */ = {isa = PBXFileReference; fileEncoding = 4; lastKnownFileType = sourcecode.swift; path = UIUXView.swift; sourceTree = "<group>"; };
		05DF575B2A3330E200D3907C /* GateView.swift */ = {isa = PBXFileReference; fileEncoding = 4; lastKnownFileType = sourcecode.swift; path = GateView.swift; sourceTree = "<group>"; };
		05DF575D2A3330E200D3907C /* ProgrammingView.swift */ = {isa = PBXFileReference; fileEncoding = 4; lastKnownFileType = sourcecode.swift; path = ProgrammingView.swift; sourceTree = "<group>"; };
		05DF575E2A3330E200D3907C /* MathematicsView.swift */ = {isa = PBXFileReference; fileEncoding = 4; lastKnownFileType = sourcecode.swift; path = MathematicsView.swift; sourceTree = "<group>"; };
		5721C6332A2AD9630010108C /* Info.plist */ = {isa = PBXFileReference; lastKnownFileType = text.plist; path = Info.plist; sourceTree = "<group>"; };
		5721C6342A2ADB050010108C /* SplashScreen.swift */ = {isa = PBXFileReference; lastKnownFileType = sourcecode.swift; path = SplashScreen.swift; sourceTree = "<group>"; };
		572B07362A2C39A200E341A1 /* HomeScreen.swift */ = {isa = PBXFileReference; lastKnownFileType = sourcecode.swift; path = HomeScreen.swift; sourceTree = "<group>"; };
		573ABDE32A8C400600CDEF2A /* ScoreManager.swift */ = {isa = PBXFileReference; lastKnownFileType = sourcecode.swift; path = ScoreManager.swift; sourceTree = "<group>"; };
		573ABDE82A8C61FD00CDEF2A /* BackgroundStoryModel.swift */ = {isa = PBXFileReference; lastKnownFileType = sourcecode.swift; path = BackgroundStoryModel.swift; sourceTree = "<group>"; };
		573ABDEC2A8C7E0F00CDEF2A /* GateViewModel.swift */ = {isa = PBXFileReference; lastKnownFileType = sourcecode.swift; path = GateViewModel.swift; sourceTree = "<group>"; };
		57421EBA2A327672004B254B /* InputNameScreen.swift */ = {isa = PBXFileReference; lastKnownFileType = sourcecode.swift; path = InputNameScreen.swift; sourceTree = "<group>"; };
		57421EBC2A3276D0004B254B /* BackgroundStoryView.swift */ = {isa = PBXFileReference; lastKnownFileType = sourcecode.swift; path = BackgroundStoryView.swift; sourceTree = "<group>"; };
		57421EBE2A3278FE004B254B /* DisclaimerView.swift */ = {isa = PBXFileReference; lastKnownFileType = sourcecode.swift; path = DisclaimerView.swift; sourceTree = "<group>"; };
		577BFDC82A33FD5C00DD369B /* ProgressbarQuiz.swift */ = {isa = PBXFileReference; lastKnownFileType = sourcecode.swift; path = ProgressbarQuiz.swift; sourceTree = "<group>"; };
		57B632462A30A2B500DE7B04 /* UserManager.swift */ = {isa = PBXFileReference; lastKnownFileType = sourcecode.swift; path = UserManager.swift; sourceTree = "<group>"; };
		57B632482A30AC0400DE7B04 /* LevelPageView.swift */ = {isa = PBXFileReference; lastKnownFileType = sourcecode.swift; path = LevelPageView.swift; sourceTree = "<group>"; };
		57B6324C2A30B0E300DE7B04 /* RoundedCornerItem.swift */ = {isa = PBXFileReference; lastKnownFileType = sourcecode.swift; path = RoundedCornerItem.swift; sourceTree = "<group>"; };
		57D3DE172A2CDC9A00EC774D /* OnBoardingScreen.swift */ = {isa = PBXFileReference; lastKnownFileType = sourcecode.swift; path = OnBoardingScreen.swift; sourceTree = "<group>"; };
		57D3DE192A2CDCCA00EC774D /* ExplanationLessonScreen.swift */ = {isa = PBXFileReference; lastKnownFileType = sourcecode.swift; path = ExplanationLessonScreen.swift; sourceTree = "<group>"; };
		57D3DE1B2A2CDE5200EC774D /* DataExplanationLesson.swift */ = {isa = PBXFileReference; lastKnownFileType = sourcecode.swift; path = DataExplanationLesson.swift; sourceTree = "<group>"; };
		57E1C2902A8E215600700DAE /* LessonViewModel.swift */ = {isa = PBXFileReference; lastKnownFileType = sourcecode.swift; path = LessonViewModel.swift; sourceTree = "<group>"; };
		57E1C2BC2A8FD5EC00700DAE /* LogicExtensionView.swift */ = {isa = PBXFileReference; lastKnownFileType = sourcecode.swift; path = LogicExtensionView.swift; sourceTree = "<group>"; };
		57E1C2C22A8FDFC700700DAE /* ExtensionsMath.swift */ = {isa = PBXFileReference; lastKnownFileType = sourcecode.swift; path = ExtensionsMath.swift; sourceTree = "<group>"; };
		57E1C2C42A8FE03B00700DAE /* ExtensionsProgramming.swift */ = {isa = PBXFileReference; lastKnownFileType = sourcecode.swift; path = ExtensionsProgramming.swift; sourceTree = "<group>"; };
		57E1C2C62A8FE06200700DAE /* ExtensionUiUx.swift */ = {isa = PBXFileReference; lastKnownFileType = sourcecode.swift; path = ExtensionUiUx.swift; sourceTree = "<group>"; };
		57E1C2C82A905E0100700DAE /* ExtensionsGateView.swift */ = {isa = PBXFileReference; lastKnownFileType = sourcecode.swift; path = ExtensionsGateView.swift; sourceTree = "<group>"; };
		8C11D4DF2A31BF8000E5FCCF /* DragAndDrop.swift */ = {isa = PBXFileReference; lastKnownFileType = sourcecode.swift; path = DragAndDrop.swift; sourceTree = "<group>"; };
		8C1BBCCF2A26FDFE007090F3 /* Mingo-IT.app */ = {isa = PBXFileReference; explicitFileType = wrapper.application; includeInIndex = 0; path = "Mingo-IT.app"; sourceTree = BUILT_PRODUCTS_DIR; };
		8C1BBCD22A26FDFE007090F3 /* Mingo_ITApp.swift */ = {isa = PBXFileReference; lastKnownFileType = sourcecode.swift; path = Mingo_ITApp.swift; sourceTree = "<group>"; };
		8C1BBCD62A26FDFE007090F3 /* Assets.xcassets */ = {isa = PBXFileReference; lastKnownFileType = folder.assetcatalog; path = Assets.xcassets; sourceTree = "<group>"; };
		8C1BBCD92A26FDFE007090F3 /* Preview Assets.xcassets */ = {isa = PBXFileReference; lastKnownFileType = folder.assetcatalog; path = "Preview Assets.xcassets"; sourceTree = "<group>"; };
		8C33A67D2A2CA3780000A067 /* MButton.swift */ = {isa = PBXFileReference; fileEncoding = 4; lastKnownFileType = sourcecode.swift; path = MButton.swift; sourceTree = "<group>"; };
		8C33A67F2A2CA38E0000A067 /* Extentsions.swift */ = {isa = PBXFileReference; fileEncoding = 4; lastKnownFileType = sourcecode.swift; path = Extentsions.swift; sourceTree = "<group>"; };
		8C3E96E22A2C33C3006B13B4 /* CompleteLessonScreen.swift */ = {isa = PBXFileReference; lastKnownFileType = sourcecode.swift; path = CompleteLessonScreen.swift; sourceTree = "<group>"; };
		8C3E96E42A2C378E006B13B4 /* IncompleteLessonScreen.swift */ = {isa = PBXFileReference; lastKnownFileType = sourcecode.swift; path = IncompleteLessonScreen.swift; sourceTree = "<group>"; };
		8C54016C2A2D874500AF5603 /* ProfileScreen.swift */ = {isa = PBXFileReference; lastKnownFileType = sourcecode.swift; path = ProfileScreen.swift; sourceTree = "<group>"; };
		8C5401722A2D97BD00AF5603 /* ProgressBar.swift */ = {isa = PBXFileReference; lastKnownFileType = sourcecode.swift; path = ProgressBar.swift; sourceTree = "<group>"; };
		8C5840422A2F7A0800A0BD19 /* QuizCard.swift */ = {isa = PBXFileReference; lastKnownFileType = sourcecode.swift; path = QuizCard.swift; sourceTree = "<group>"; };
		8C5840442A2F7C1000A0BD19 /* RadioButtonGroup.swift */ = {isa = PBXFileReference; lastKnownFileType = sourcecode.swift; path = RadioButtonGroup.swift; sourceTree = "<group>"; };
/* End PBXFileReference section */

/* Begin PBXFrameworksBuildPhase section */
		8C1BBCCC2A26FDFE007090F3 /* Frameworks */ = {
			isa = PBXFrameworksBuildPhase;
			buildActionMask = 2147483647;
			files = (
				57860A942A36DE5800C95743 /* LaTeXSwiftUI in Frameworks */,
			);
			runOnlyForDeploymentPostprocessing = 0;
		};
/* End PBXFrameworksBuildPhase section */

/* Begin PBXGroup section */
		5721C6192A2ACD660010108C /* Model */ = {
			isa = PBXGroup;
			children = (
				57D3DE1B2A2CDE5200EC774D /* DataExplanationLesson.swift */,
				573ABDE82A8C61FD00CDEF2A /* BackgroundStoryModel.swift */,
			);
			path = Model;
			sourceTree = "<group>";
		};
		5721C61A2A2ACD6D0010108C /* View  */ = {
			isa = PBXGroup;
			children = (
				5721C61D2A2ACD940010108C /* Screen */,
				5721C61C2A2ACD800010108C /* Component */,
			);
			path = "View ";
			sourceTree = "<group>";
		};
		5721C61B2A2ACD760010108C /* ViewModel */ = {
			isa = PBXGroup;
			children = (
				57B632462A30A2B500DE7B04 /* UserManager.swift */,
				573ABDE32A8C400600CDEF2A /* ScoreManager.swift */,
				573ABDEC2A8C7E0F00CDEF2A /* GateViewModel.swift */,
				57E1C2902A8E215600700DAE /* LessonViewModel.swift */,
			);
			path = ViewModel;
			sourceTree = "<group>";
		};
		5721C61C2A2ACD800010108C /* Component */ = {
			isa = PBXGroup;
			children = (
				8C33A67D2A2CA3780000A067 /* MButton.swift */,
				57B6324C2A30B0E300DE7B04 /* RoundedCornerItem.swift */,
				8C5401722A2D97BD00AF5603 /* ProgressBar.swift */,
				8C5840422A2F7A0800A0BD19 /* QuizCard.swift */,
				8C5840442A2F7C1000A0BD19 /* RadioButtonGroup.swift */,
				8C11D4DF2A31BF8000E5FCCF /* DragAndDrop.swift */,
				577BFDC82A33FD5C00DD369B /* ProgressbarQuiz.swift */,
			);
			path = Component;
			sourceTree = "<group>";
		};
		5721C61D2A2ACD940010108C /* Screen */ = {
			isa = PBXGroup;
			children = (
				573ABDE72A8C48F900CDEF2A /* IntroView */,
				573ABDE62A8C479B00CDEF2A /* ResultView */,
				573ABDE52A8C478800CDEF2A /* LessonView */,
				57D3DE162A2CDC7500EC774D /* OnBoardingView */,
			);
			path = Screen;
			sourceTree = "<group>";
		};
		573ABDE52A8C478800CDEF2A /* LessonView */ = {
			isa = PBXGroup;
			children = (
				57D3DE192A2CDCCA00EC774D /* ExplanationLessonScreen.swift */,
				57E1C2C12A8FDDB700700DAE /* UiUx */,
				57E1C2C02A8FDDAD00700DAE /* Programming */,
				57E1C2BF2A8FDDA600700DAE /* Math */,
				57E1C2BE2A8FDD8100700DAE /* Logic */,
			);
			path = LessonView;
			sourceTree = "<group>";
		};
		573ABDE62A8C479B00CDEF2A /* ResultView */ = {
			isa = PBXGroup;
			children = (
				8C3E96E22A2C33C3006B13B4 /* CompleteLessonScreen.swift */,
				8C3E96E42A2C378E006B13B4 /* IncompleteLessonScreen.swift */,
			);
			path = ResultView;
			sourceTree = "<group>";
		};
		573ABDE72A8C48F900CDEF2A /* IntroView */ = {
			isa = PBXGroup;
			children = (
				57B632482A30AC0400DE7B04 /* LevelPageView.swift */,
				5721C6342A2ADB050010108C /* SplashScreen.swift */,
				05DF57592A3330E200D3907C /* CoachMark.swift */,
				05DF575B2A3330E200D3907C /* GateView.swift */,
				57E1C2C82A905E0100700DAE /* ExtensionsGateView.swift */,
				572B07362A2C39A200E341A1 /* HomeScreen.swift */,
				8C54016C2A2D874500AF5603 /* ProfileScreen.swift */,
			);
			path = IntroView;
			sourceTree = "<group>";
		};
		57D3DE162A2CDC7500EC774D /* OnBoardingView */ = {
			isa = PBXGroup;
			children = (
				57D3DE172A2CDC9A00EC774D /* OnBoardingScreen.swift */,
				57421EBA2A327672004B254B /* InputNameScreen.swift */,
				57421EBC2A3276D0004B254B /* BackgroundStoryView.swift */,
				57421EBE2A3278FE004B254B /* DisclaimerView.swift */,
			);
			path = OnBoardingView;
			sourceTree = "<group>";
		};
		57E1C2BE2A8FDD8100700DAE /* Logic */ = {
			isa = PBXGroup;
			children = (
				05DF57582A3330E200D3907C /* LogicView.swift */,
				57E1C2BC2A8FD5EC00700DAE /* LogicExtensionView.swift */,
			);
			path = Logic;
			sourceTree = "<group>";
		};
		57E1C2BF2A8FDDA600700DAE /* Math */ = {
			isa = PBXGroup;
			children = (
				05DF575E2A3330E200D3907C /* MathematicsView.swift */,
				57E1C2C22A8FDFC700700DAE /* ExtensionsMath.swift */,
			);
			path = Math;
			sourceTree = "<group>";
		};
		57E1C2C02A8FDDAD00700DAE /* Programming */ = {
			isa = PBXGroup;
			children = (
				05DF575D2A3330E200D3907C /* ProgrammingView.swift */,
				57E1C2C42A8FE03B00700DAE /* ExtensionsProgramming.swift */,
			);
			path = Programming;
			sourceTree = "<group>";
		};
		57E1C2C12A8FDDB700700DAE /* UiUx */ = {
			isa = PBXGroup;
			children = (
				05DF575A2A3330E200D3907C /* UIUXView.swift */,
				57E1C2C62A8FE06200700DAE /* ExtensionUiUx.swift */,
			);
			path = UiUx;
			sourceTree = "<group>";
		};
		8C1BBCC62A26FDFE007090F3 = {
			isa = PBXGroup;
			children = (
				8C1BBCD12A26FDFE007090F3 /* Mingo-IT */,
				8C1BBCD02A26FDFE007090F3 /* Products */,
			);
			sourceTree = "<group>";
		};
		8C1BBCD02A26FDFE007090F3 /* Products */ = {
			isa = PBXGroup;
			children = (
				8C1BBCCF2A26FDFE007090F3 /* Mingo-IT.app */,
			);
			name = Products;
			sourceTree = "<group>";
		};
		8C1BBCD12A26FDFE007090F3 /* Mingo-IT */ = {
			isa = PBXGroup;
			children = (
				5721C6332A2AD9630010108C /* Info.plist */,
				5721C61B2A2ACD760010108C /* ViewModel */,
				5721C61A2A2ACD6D0010108C /* View  */,
				5721C6192A2ACD660010108C /* Model */,
				8C1BBCD22A26FDFE007090F3 /* Mingo_ITApp.swift */,
				8C33A67F2A2CA38E0000A067 /* Extentsions.swift */,
				8C1BBCD62A26FDFE007090F3 /* Assets.xcassets */,
				8C1BBCD82A26FDFE007090F3 /* Preview Content */,
			);
			path = "Mingo-IT";
			sourceTree = "<group>";
		};
		8C1BBCD82A26FDFE007090F3 /* Preview Content */ = {
			isa = PBXGroup;
			children = (
				8C1BBCD92A26FDFE007090F3 /* Preview Assets.xcassets */,
			);
			path = "Preview Content";
			sourceTree = "<group>";
		};
/* End PBXGroup section */

/* Begin PBXNativeTarget section */
		8C1BBCCE2A26FDFE007090F3 /* Mingo-IT */ = {
			isa = PBXNativeTarget;
			buildConfigurationList = 8C1BBCDD2A26FDFE007090F3 /* Build configuration list for PBXNativeTarget "Mingo-IT" */;
			buildPhases = (
				8C1BBCCB2A26FDFE007090F3 /* Sources */,
				8C1BBCCC2A26FDFE007090F3 /* Frameworks */,
				8C1BBCCD2A26FDFE007090F3 /* Resources */,
			);
			buildRules = (
			);
			dependencies = (
			);
			name = "Mingo-IT";
			packageProductDependencies = (
				57860A932A36DE5800C95743 /* LaTeXSwiftUI */,
			);
			productName = "Mingo-IT";
			productReference = 8C1BBCCF2A26FDFE007090F3 /* Mingo-IT.app */;
			productType = "com.apple.product-type.application";
		};
/* End PBXNativeTarget section */

/* Begin PBXProject section */
		8C1BBCC72A26FDFE007090F3 /* Project object */ = {
			isa = PBXProject;
			attributes = {
				BuildIndependentTargetsInParallel = 1;
				LastSwiftUpdateCheck = 1430;
				LastUpgradeCheck = 1430;
				TargetAttributes = {
					8C1BBCCE2A26FDFE007090F3 = {
						CreatedOnToolsVersion = 14.3;
					};
				};
			};
			buildConfigurationList = 8C1BBCCA2A26FDFE007090F3 /* Build configuration list for PBXProject "Mingo-IT" */;
			compatibilityVersion = "Xcode 14.0";
			developmentRegion = en;
			hasScannedForEncodings = 0;
			knownRegions = (
				en,
				Base,
			);
			mainGroup = 8C1BBCC62A26FDFE007090F3;
			packageReferences = (
				57860A922A36DE5800C95743 /* XCRemoteSwiftPackageReference "LaTeXSwiftUI" */,
			);
			productRefGroup = 8C1BBCD02A26FDFE007090F3 /* Products */;
			projectDirPath = "";
			projectRoot = "";
			targets = (
				8C1BBCCE2A26FDFE007090F3 /* Mingo-IT */,
			);
		};
/* End PBXProject section */

/* Begin PBXResourcesBuildPhase section */
		8C1BBCCD2A26FDFE007090F3 /* Resources */ = {
			isa = PBXResourcesBuildPhase;
			buildActionMask = 2147483647;
			files = (
				8C1BBCDA2A26FDFE007090F3 /* Preview Assets.xcassets in Resources */,
				8C1BBCD72A26FDFE007090F3 /* Assets.xcassets in Resources */,
			);
			runOnlyForDeploymentPostprocessing = 0;
		};
/* End PBXResourcesBuildPhase section */

/* Begin PBXSourcesBuildPhase section */
		8C1BBCCB2A26FDFE007090F3 /* Sources */ = {
			isa = PBXSourcesBuildPhase;
			buildActionMask = 2147483647;
			files = (
				57D3DE182A2CDC9A00EC774D /* OnBoardingScreen.swift in Sources */,
				573ABDE92A8C61FD00CDEF2A /* BackgroundStoryModel.swift in Sources */,
				5721C6352A2ADB050010108C /* SplashScreen.swift in Sources */,
				57D3DE1A2A2CDCCA00EC774D /* ExplanationLessonScreen.swift in Sources */,
				8C33A67E2A2CA3780000A067 /* MButton.swift in Sources */,
				57B6324D2A30B0E300DE7B04 /* RoundedCornerItem.swift in Sources */,
				05DF575F2A3330E200D3907C /* LogicView.swift in Sources */,
				57B632472A30A2B500DE7B04 /* UserManager.swift in Sources */,
				57E1C2C52A8FE03B00700DAE /* ExtensionsProgramming.swift in Sources */,
				57421EBF2A3278FE004B254B /* DisclaimerView.swift in Sources */,
				57B632492A30AC0400DE7B04 /* LevelPageView.swift in Sources */,
				8C33A6822A2CA3C70000A067 /* CompleteLessonScreen.swift in Sources */,
				05DF57612A3330E200D3907C /* UIUXView.swift in Sources */,
				572B07372A2C39A200E341A1 /* HomeScreen.swift in Sources */,
				573ABDE42A8C400600CDEF2A /* ScoreManager.swift in Sources */,
				57D3DE1C2A2CDE5200EC774D /* DataExplanationLesson.swift in Sources */,
				05DF57622A3330E200D3907C /* GateView.swift in Sources */,
				5721C6352A2ADB050010108C /* SplashScreen.swift in Sources */,
				05DF57602A3330E200D3907C /* CoachMark.swift in Sources */,
				8C11D4E02A31BF8000E5FCCF /* DragAndDrop.swift in Sources */,
				57E1C2BD2A8FD5EC00700DAE /* LogicExtensionView.swift in Sources */,
				8C33A67E2A2CA3780000A067 /* MButton.swift in Sources */,
				57421EBB2A327672004B254B /* InputNameScreen.swift in Sources */,
				573ABDED2A8C7E0F00CDEF2A /* GateViewModel.swift in Sources */,
				8C33A6822A2CA3C70000A067 /* CompleteLessonScreen.swift in Sources */,
				57421EBD2A3276D0004B254B /* BackgroundStoryView.swift in Sources */,
				57E1C2C92A905E0100700DAE /* ExtensionsGateView.swift in Sources */,
				572B07372A2C39A200E341A1 /* HomeScreen.swift in Sources */,
				8C5840432A2F7A0800A0BD19 /* QuizCard.swift in Sources */,
				8C5840452A2F7C1000A0BD19 /* RadioButtonGroup.swift in Sources */,
				577BFDC92A33FD5C00DD369B /* ProgressbarQuiz.swift in Sources */,
				57E1C2C72A8FE06200700DAE /* ExtensionUiUx.swift in Sources */,
				8C54016D2A2D874500AF5603 /* ProfileScreen.swift in Sources */,
				05DF57642A3330E200D3907C /* ProgrammingView.swift in Sources */,
				57E1C2C32A8FDFC700700DAE /* ExtensionsMath.swift in Sources */,
				05DF57652A3330E200D3907C /* MathematicsView.swift in Sources */,
				8C33A6832A2CA3CF0000A067 /* IncompleteLessonScreen.swift in Sources */,
				57E1C2912A8E215600700DAE /* LessonViewModel.swift in Sources */,
				8C1BBCD32A26FDFE007090F3 /* Mingo_ITApp.swift in Sources */,
				8C5401732A2D97BD00AF5603 /* ProgressBar.swift in Sources */,
				8C33A6802A2CA38E0000A067 /* Extentsions.swift in Sources */,
			);
			runOnlyForDeploymentPostprocessing = 0;
		};
/* End PBXSourcesBuildPhase section */

/* Begin XCBuildConfiguration section */
		8C1BBCDB2A26FDFE007090F3 /* Debug */ = {
			isa = XCBuildConfiguration;
			buildSettings = {
				ALWAYS_SEARCH_USER_PATHS = NO;
				CLANG_ANALYZER_NONNULL = YES;
				CLANG_ANALYZER_NUMBER_OBJECT_CONVERSION = YES_AGGRESSIVE;
				CLANG_CXX_LANGUAGE_STANDARD = "gnu++20";
				CLANG_ENABLE_MODULES = YES;
				CLANG_ENABLE_OBJC_ARC = YES;
				CLANG_ENABLE_OBJC_WEAK = YES;
				CLANG_WARN_BLOCK_CAPTURE_AUTORELEASING = YES;
				CLANG_WARN_BOOL_CONVERSION = YES;
				CLANG_WARN_COMMA = YES;
				CLANG_WARN_CONSTANT_CONVERSION = YES;
				CLANG_WARN_DEPRECATED_OBJC_IMPLEMENTATIONS = YES;
				CLANG_WARN_DIRECT_OBJC_ISA_USAGE = YES_ERROR;
				CLANG_WARN_DOCUMENTATION_COMMENTS = YES;
				CLANG_WARN_EMPTY_BODY = YES;
				CLANG_WARN_ENUM_CONVERSION = YES;
				CLANG_WARN_INFINITE_RECURSION = YES;
				CLANG_WARN_INT_CONVERSION = YES;
				CLANG_WARN_NON_LITERAL_NULL_CONVERSION = YES;
				CLANG_WARN_OBJC_IMPLICIT_RETAIN_SELF = YES;
				CLANG_WARN_OBJC_LITERAL_CONVERSION = YES;
				CLANG_WARN_OBJC_ROOT_CLASS = YES_ERROR;
				CLANG_WARN_QUOTED_INCLUDE_IN_FRAMEWORK_HEADER = YES;
				CLANG_WARN_RANGE_LOOP_ANALYSIS = YES;
				CLANG_WARN_STRICT_PROTOTYPES = YES;
				CLANG_WARN_SUSPICIOUS_MOVE = YES;
				CLANG_WARN_UNGUARDED_AVAILABILITY = YES_AGGRESSIVE;
				CLANG_WARN_UNREACHABLE_CODE = YES;
				CLANG_WARN__DUPLICATE_METHOD_MATCH = YES;
				COPY_PHASE_STRIP = NO;
				DEBUG_INFORMATION_FORMAT = dwarf;
				ENABLE_STRICT_OBJC_MSGSEND = YES;
				ENABLE_TESTABILITY = YES;
				GCC_C_LANGUAGE_STANDARD = gnu11;
				GCC_DYNAMIC_NO_PIC = NO;
				GCC_NO_COMMON_BLOCKS = YES;
				GCC_OPTIMIZATION_LEVEL = 0;
				GCC_PREPROCESSOR_DEFINITIONS = (
					"DEBUG=1",
					"$(inherited)",
				);
				GCC_WARN_64_TO_32_BIT_CONVERSION = YES;
				GCC_WARN_ABOUT_RETURN_TYPE = YES_ERROR;
				GCC_WARN_UNDECLARED_SELECTOR = YES;
				GCC_WARN_UNINITIALIZED_AUTOS = YES_AGGRESSIVE;
				GCC_WARN_UNUSED_FUNCTION = YES;
				GCC_WARN_UNUSED_VARIABLE = YES;
				IPHONEOS_DEPLOYMENT_TARGET = 16.4;
				MTL_ENABLE_DEBUG_INFO = INCLUDE_SOURCE;
				MTL_FAST_MATH = YES;
				ONLY_ACTIVE_ARCH = YES;
				SDKROOT = iphoneos;
				SWIFT_ACTIVE_COMPILATION_CONDITIONS = DEBUG;
				SWIFT_OPTIMIZATION_LEVEL = "-Onone";
			};
			name = Debug;
		};
		8C1BBCDC2A26FDFE007090F3 /* Release */ = {
			isa = XCBuildConfiguration;
			buildSettings = {
				ALWAYS_SEARCH_USER_PATHS = NO;
				CLANG_ANALYZER_NONNULL = YES;
				CLANG_ANALYZER_NUMBER_OBJECT_CONVERSION = YES_AGGRESSIVE;
				CLANG_CXX_LANGUAGE_STANDARD = "gnu++20";
				CLANG_ENABLE_MODULES = YES;
				CLANG_ENABLE_OBJC_ARC = YES;
				CLANG_ENABLE_OBJC_WEAK = YES;
				CLANG_WARN_BLOCK_CAPTURE_AUTORELEASING = YES;
				CLANG_WARN_BOOL_CONVERSION = YES;
				CLANG_WARN_COMMA = YES;
				CLANG_WARN_CONSTANT_CONVERSION = YES;
				CLANG_WARN_DEPRECATED_OBJC_IMPLEMENTATIONS = YES;
				CLANG_WARN_DIRECT_OBJC_ISA_USAGE = YES_ERROR;
				CLANG_WARN_DOCUMENTATION_COMMENTS = YES;
				CLANG_WARN_EMPTY_BODY = YES;
				CLANG_WARN_ENUM_CONVERSION = YES;
				CLANG_WARN_INFINITE_RECURSION = YES;
				CLANG_WARN_INT_CONVERSION = YES;
				CLANG_WARN_NON_LITERAL_NULL_CONVERSION = YES;
				CLANG_WARN_OBJC_IMPLICIT_RETAIN_SELF = YES;
				CLANG_WARN_OBJC_LITERAL_CONVERSION = YES;
				CLANG_WARN_OBJC_ROOT_CLASS = YES_ERROR;
				CLANG_WARN_QUOTED_INCLUDE_IN_FRAMEWORK_HEADER = YES;
				CLANG_WARN_RANGE_LOOP_ANALYSIS = YES;
				CLANG_WARN_STRICT_PROTOTYPES = YES;
				CLANG_WARN_SUSPICIOUS_MOVE = YES;
				CLANG_WARN_UNGUARDED_AVAILABILITY = YES_AGGRESSIVE;
				CLANG_WARN_UNREACHABLE_CODE = YES;
				CLANG_WARN__DUPLICATE_METHOD_MATCH = YES;
				COPY_PHASE_STRIP = NO;
				DEBUG_INFORMATION_FORMAT = "dwarf-with-dsym";
				ENABLE_NS_ASSERTIONS = NO;
				ENABLE_STRICT_OBJC_MSGSEND = YES;
				GCC_C_LANGUAGE_STANDARD = gnu11;
				GCC_NO_COMMON_BLOCKS = YES;
				GCC_WARN_64_TO_32_BIT_CONVERSION = YES;
				GCC_WARN_ABOUT_RETURN_TYPE = YES_ERROR;
				GCC_WARN_UNDECLARED_SELECTOR = YES;
				GCC_WARN_UNINITIALIZED_AUTOS = YES_AGGRESSIVE;
				GCC_WARN_UNUSED_FUNCTION = YES;
				GCC_WARN_UNUSED_VARIABLE = YES;
				IPHONEOS_DEPLOYMENT_TARGET = 16.4;
				MTL_ENABLE_DEBUG_INFO = NO;
				MTL_FAST_MATH = YES;
				SDKROOT = iphoneos;
				SWIFT_COMPILATION_MODE = wholemodule;
				SWIFT_OPTIMIZATION_LEVEL = "-O";
				VALIDATE_PRODUCT = YES;
			};
			name = Release;
		};
		8C1BBCDE2A26FDFE007090F3 /* Debug */ = {
			isa = XCBuildConfiguration;
			buildSettings = {
				ASSETCATALOG_COMPILER_APPICON_NAME = AppIcon;
				ASSETCATALOG_COMPILER_GLOBAL_ACCENT_COLOR_NAME = AccentColor;
				CODE_SIGN_STYLE = Automatic;
				CURRENT_PROJECT_VERSION = 1;
				DEVELOPMENT_ASSET_PATHS = "\"Mingo-IT/Preview Content\"";
				DEVELOPMENT_TEAM = 5DW5L865S3;
				ENABLE_PREVIEWS = YES;
				GENERATE_INFOPLIST_FILE = YES;
				INFOPLIST_FILE = "Mingo-IT/Info.plist";
				INFOPLIST_KEY_UIApplicationSceneManifest_Generation = YES;
				INFOPLIST_KEY_UIApplicationSupportsIndirectInputEvents = YES;
				INFOPLIST_KEY_UILaunchScreen_Generation = YES;
				INFOPLIST_KEY_UISupportedInterfaceOrientations_iPad = "UIInterfaceOrientationPortrait UIInterfaceOrientationPortraitUpsideDown UIInterfaceOrientationLandscapeLeft UIInterfaceOrientationLandscapeRight";
				INFOPLIST_KEY_UISupportedInterfaceOrientations_iPhone = "UIInterfaceOrientationPortrait UIInterfaceOrientationLandscapeLeft UIInterfaceOrientationLandscapeRight";
				LD_RUNPATH_SEARCH_PATHS = (
					"$(inherited)",
					"@executable_path/Frameworks",
				);
				MARKETING_VERSION = 1.0;
				PRODUCT_BUNDLE_IDENTIFIER = "tecko.Mingo-IT";
				PRODUCT_NAME = "$(TARGET_NAME)";
				SWIFT_EMIT_LOC_STRINGS = YES;
				SWIFT_VERSION = 5.0;
				TARGETED_DEVICE_FAMILY = "1,2";
			};
			name = Debug;
		};
		8C1BBCDF2A26FDFE007090F3 /* Release */ = {
			isa = XCBuildConfiguration;
			buildSettings = {
				ASSETCATALOG_COMPILER_APPICON_NAME = AppIcon;
				ASSETCATALOG_COMPILER_GLOBAL_ACCENT_COLOR_NAME = AccentColor;
				CODE_SIGN_STYLE = Automatic;
				CURRENT_PROJECT_VERSION = 1;
				DEVELOPMENT_ASSET_PATHS = "\"Mingo-IT/Preview Content\"";
				DEVELOPMENT_TEAM = 5DW5L865S3;
				ENABLE_PREVIEWS = YES;
				GENERATE_INFOPLIST_FILE = YES;
				INFOPLIST_FILE = "Mingo-IT/Info.plist";
				INFOPLIST_KEY_UIApplicationSceneManifest_Generation = YES;
				INFOPLIST_KEY_UIApplicationSupportsIndirectInputEvents = YES;
				INFOPLIST_KEY_UILaunchScreen_Generation = YES;
				INFOPLIST_KEY_UISupportedInterfaceOrientations_iPad = "UIInterfaceOrientationPortrait UIInterfaceOrientationPortraitUpsideDown UIInterfaceOrientationLandscapeLeft UIInterfaceOrientationLandscapeRight";
				INFOPLIST_KEY_UISupportedInterfaceOrientations_iPhone = "UIInterfaceOrientationPortrait UIInterfaceOrientationLandscapeLeft UIInterfaceOrientationLandscapeRight";
				LD_RUNPATH_SEARCH_PATHS = (
					"$(inherited)",
					"@executable_path/Frameworks",
				);
				MARKETING_VERSION = 1.0;
				PRODUCT_BUNDLE_IDENTIFIER = "tecko.Mingo-IT";
				PRODUCT_NAME = "$(TARGET_NAME)";
				SWIFT_EMIT_LOC_STRINGS = YES;
				SWIFT_VERSION = 5.0;
				TARGETED_DEVICE_FAMILY = "1,2";
			};
			name = Release;
		};
/* End XCBuildConfiguration section */

/* Begin XCConfigurationList section */
		8C1BBCCA2A26FDFE007090F3 /* Build configuration list for PBXProject "Mingo-IT" */ = {
			isa = XCConfigurationList;
			buildConfigurations = (
				8C1BBCDB2A26FDFE007090F3 /* Debug */,
				8C1BBCDC2A26FDFE007090F3 /* Release */,
			);
			defaultConfigurationIsVisible = 0;
			defaultConfigurationName = Release;
		};
		8C1BBCDD2A26FDFE007090F3 /* Build configuration list for PBXNativeTarget "Mingo-IT" */ = {
			isa = XCConfigurationList;
			buildConfigurations = (
				8C1BBCDE2A26FDFE007090F3 /* Debug */,
				8C1BBCDF2A26FDFE007090F3 /* Release */,
			);
			defaultConfigurationIsVisible = 0;
			defaultConfigurationName = Release;
		};
/* End XCConfigurationList section */

/* Begin XCRemoteSwiftPackageReference section */
		57860A922A36DE5800C95743 /* XCRemoteSwiftPackageReference "LaTeXSwiftUI" */ = {
			isa = XCRemoteSwiftPackageReference;
			repositoryURL = "https://github.com/colinc86/LaTeXSwiftUI.git";
			requirement = {
				branch = main;
				kind = branch;
			};
		};
/* End XCRemoteSwiftPackageReference section */

/* Begin XCSwiftPackageProductDependency section */
		57860A932A36DE5800C95743 /* LaTeXSwiftUI */ = {
			isa = XCSwiftPackageProductDependency;
			package = 57860A922A36DE5800C95743 /* XCRemoteSwiftPackageReference "LaTeXSwiftUI" */;
			productName = LaTeXSwiftUI;
		};
/* End XCSwiftPackageProductDependency section */
	};
	rootObject = 8C1BBCC72A26FDFE007090F3 /* Project object */;
}
