// !$*UTF8*$!
{
	archiveVersion = 1;
	classes = {
	};
	objectVersion = 56;
	objects = {

/* Begin PBXBuildFile section */
		5721C62A2A2AD8920010108C /* SF-Pro-Rounded-Heavy.otf in Resources */ = {isa = PBXBuildFile; fileRef = 5721C6212A2AD8910010108C /* SF-Pro-Rounded-Heavy.otf */; };
		5721C62B2A2AD8920010108C /* SF-Pro-Rounded-Semibold.otf in Resources */ = {isa = PBXBuildFile; fileRef = 5721C6222A2AD8910010108C /* SF-Pro-Rounded-Semibold.otf */; };
		5721C62C2A2AD8920010108C /* SF-Pro-Rounded-Medium.otf in Resources */ = {isa = PBXBuildFile; fileRef = 5721C6232A2AD8910010108C /* SF-Pro-Rounded-Medium.otf */; };
		5721C62D2A2AD8920010108C /* SF-Pro-Rounded-Ultralight.otf in Resources */ = {isa = PBXBuildFile; fileRef = 5721C6242A2AD8920010108C /* SF-Pro-Rounded-Ultralight.otf */; };
		5721C62E2A2AD8920010108C /* SF-Pro-Rounded-Light.otf in Resources */ = {isa = PBXBuildFile; fileRef = 5721C6252A2AD8920010108C /* SF-Pro-Rounded-Light.otf */; };
		5721C62F2A2AD8920010108C /* SF-Pro-Rounded-Bold.otf in Resources */ = {isa = PBXBuildFile; fileRef = 5721C6262A2AD8920010108C /* SF-Pro-Rounded-Bold.otf */; };
		5721C6302A2AD8920010108C /* SF-Pro-Rounded-Thin.otf in Resources */ = {isa = PBXBuildFile; fileRef = 5721C6272A2AD8920010108C /* SF-Pro-Rounded-Thin.otf */; };
		5721C6312A2AD8920010108C /* SF-Pro-Rounded-Regular.otf in Resources */ = {isa = PBXBuildFile; fileRef = 5721C6282A2AD8920010108C /* SF-Pro-Rounded-Regular.otf */; };
		5721C6322A2AD8920010108C /* SF-Pro-Rounded-Black.otf in Resources */ = {isa = PBXBuildFile; fileRef = 5721C6292A2AD8920010108C /* SF-Pro-Rounded-Black.otf */; };
		5721C6352A2ADB050010108C /* SplashScreen.swift in Sources */ = {isa = PBXBuildFile; fileRef = 5721C6342A2ADB050010108C /* SplashScreen.swift */; };
		5721C6372A2AF0610010108C /* InputNameScreen.swift in Sources */ = {isa = PBXBuildFile; fileRef = 5721C6362A2AF0610010108C /* InputNameScreen.swift */; };
		572B07372A2C39A200E341A1 /* HomeScreen.swift in Sources */ = {isa = PBXBuildFile; fileRef = 572B07362A2C39A200E341A1 /* HomeScreen.swift */; };
		57D3DE182A2CDC9A00EC774D /* OnBoardingScreen.swift in Sources */ = {isa = PBXBuildFile; fileRef = 57D3DE172A2CDC9A00EC774D /* OnBoardingScreen.swift */; };
		57D3DE1A2A2CDCCA00EC774D /* ExplanationLessonScreen.swift in Sources */ = {isa = PBXBuildFile; fileRef = 57D3DE192A2CDCCA00EC774D /* ExplanationLessonScreen.swift */; };
		57D3DE1C2A2CDE5200EC774D /* DataExplanationLesson.swift in Sources */ = {isa = PBXBuildFile; fileRef = 57D3DE1B2A2CDE5200EC774D /* DataExplanationLesson.swift */; };
		57F3AECA2A2D6A3700E018DB /* MaterialScreen.swift in Sources */ = {isa = PBXBuildFile; fileRef = 57F3AEC92A2D6A3700E018DB /* MaterialScreen.swift */; };
		8C1BBCD32A26FDFE007090F3 /* Mingo_ITApp.swift in Sources */ = {isa = PBXBuildFile; fileRef = 8C1BBCD22A26FDFE007090F3 /* Mingo_ITApp.swift */; };
		8C1BBCD52A26FDFE007090F3 /* ContentView.swift in Sources */ = {isa = PBXBuildFile; fileRef = 8C1BBCD42A26FDFE007090F3 /* ContentView.swift */; };
		8C1BBCD72A26FDFE007090F3 /* Assets.xcassets in Resources */ = {isa = PBXBuildFile; fileRef = 8C1BBCD62A26FDFE007090F3 /* Assets.xcassets */; };
		8C1BBCDA2A26FDFE007090F3 /* Preview Assets.xcassets in Resources */ = {isa = PBXBuildFile; fileRef = 8C1BBCD92A26FDFE007090F3 /* Preview Assets.xcassets */; };
		8C33A67E2A2CA3780000A067 /* MButton.swift in Sources */ = {isa = PBXBuildFile; fileRef = 8C33A67D2A2CA3780000A067 /* MButton.swift */; };
		8C33A6802A2CA38E0000A067 /* Extentsions.swift in Sources */ = {isa = PBXBuildFile; fileRef = 8C33A67F2A2CA38E0000A067 /* Extentsions.swift */; };
		8C33A6812A2CA3C10000A067 /* DisclaimerView.swift in Sources */ = {isa = PBXBuildFile; fileRef = 8C3E96D92A2A2213006B13B4 /* DisclaimerView.swift */; };
		8C33A6822A2CA3C70000A067 /* CompleteLessonView.swift in Sources */ = {isa = PBXBuildFile; fileRef = 8C3E96E22A2C33C3006B13B4 /* CompleteLessonView.swift */; };
		8C33A6832A2CA3CF0000A067 /* IncompleteLessonView.swift in Sources */ = {isa = PBXBuildFile; fileRef = 8C3E96E42A2C378E006B13B4 /* IncompleteLessonView.swift */; };
		8C33A6842A2CA3D30000A067 /* BackgroundStoryView.swift in Sources */ = {isa = PBXBuildFile; fileRef = 8C3E96E62A2C3943006B13B4 /* BackgroundStoryView.swift */; };
/* End PBXBuildFile section */

/* Begin PBXFileReference section */
		5721C6212A2AD8910010108C /* SF-Pro-Rounded-Heavy.otf */ = {isa = PBXFileReference; lastKnownFileType = file; path = "SF-Pro-Rounded-Heavy.otf"; sourceTree = "<group>"; };
		5721C6222A2AD8910010108C /* SF-Pro-Rounded-Semibold.otf */ = {isa = PBXFileReference; lastKnownFileType = file; path = "SF-Pro-Rounded-Semibold.otf"; sourceTree = "<group>"; };
		5721C6232A2AD8910010108C /* SF-Pro-Rounded-Medium.otf */ = {isa = PBXFileReference; lastKnownFileType = file; path = "SF-Pro-Rounded-Medium.otf"; sourceTree = "<group>"; };
		5721C6242A2AD8920010108C /* SF-Pro-Rounded-Ultralight.otf */ = {isa = PBXFileReference; lastKnownFileType = file; path = "SF-Pro-Rounded-Ultralight.otf"; sourceTree = "<group>"; };
		5721C6252A2AD8920010108C /* SF-Pro-Rounded-Light.otf */ = {isa = PBXFileReference; lastKnownFileType = file; path = "SF-Pro-Rounded-Light.otf"; sourceTree = "<group>"; };
		5721C6262A2AD8920010108C /* SF-Pro-Rounded-Bold.otf */ = {isa = PBXFileReference; lastKnownFileType = file; path = "SF-Pro-Rounded-Bold.otf"; sourceTree = "<group>"; };
		5721C6272A2AD8920010108C /* SF-Pro-Rounded-Thin.otf */ = {isa = PBXFileReference; lastKnownFileType = file; path = "SF-Pro-Rounded-Thin.otf"; sourceTree = "<group>"; };
		5721C6282A2AD8920010108C /* SF-Pro-Rounded-Regular.otf */ = {isa = PBXFileReference; lastKnownFileType = file; path = "SF-Pro-Rounded-Regular.otf"; sourceTree = "<group>"; };
		5721C6292A2AD8920010108C /* SF-Pro-Rounded-Black.otf */ = {isa = PBXFileReference; lastKnownFileType = file; path = "SF-Pro-Rounded-Black.otf"; sourceTree = "<group>"; };
		5721C6332A2AD9630010108C /* Info.plist */ = {isa = PBXFileReference; lastKnownFileType = text.plist; path = Info.plist; sourceTree = "<group>"; };
		5721C6342A2ADB050010108C /* SplashScreen.swift */ = {isa = PBXFileReference; lastKnownFileType = sourcecode.swift; path = SplashScreen.swift; sourceTree = "<group>"; };
		5721C6362A2AF0610010108C /* InputNameScreen.swift */ = {isa = PBXFileReference; lastKnownFileType = sourcecode.swift; path = InputNameScreen.swift; sourceTree = "<group>"; };
		572B07362A2C39A200E341A1 /* HomeScreen.swift */ = {isa = PBXFileReference; lastKnownFileType = sourcecode.swift; path = HomeScreen.swift; sourceTree = "<group>"; };
		57D3DE172A2CDC9A00EC774D /* OnBoardingScreen.swift */ = {isa = PBXFileReference; lastKnownFileType = sourcecode.swift; path = OnBoardingScreen.swift; sourceTree = "<group>"; };
		57D3DE192A2CDCCA00EC774D /* ExplanationLessonScreen.swift */ = {isa = PBXFileReference; lastKnownFileType = sourcecode.swift; path = ExplanationLessonScreen.swift; sourceTree = "<group>"; };
		57D3DE1B2A2CDE5200EC774D /* DataExplanationLesson.swift */ = {isa = PBXFileReference; lastKnownFileType = sourcecode.swift; path = DataExplanationLesson.swift; sourceTree = "<group>"; };
		57F3AEC92A2D6A3700E018DB /* MaterialScreen.swift */ = {isa = PBXFileReference; lastKnownFileType = sourcecode.swift; path = MaterialScreen.swift; sourceTree = "<group>"; };
		8C1BBCCF2A26FDFE007090F3 /* Mingo-IT.app */ = {isa = PBXFileReference; explicitFileType = wrapper.application; includeInIndex = 0; path = "Mingo-IT.app"; sourceTree = BUILT_PRODUCTS_DIR; };
		8C1BBCD22A26FDFE007090F3 /* Mingo_ITApp.swift */ = {isa = PBXFileReference; lastKnownFileType = sourcecode.swift; path = Mingo_ITApp.swift; sourceTree = "<group>"; };
		8C1BBCD42A26FDFE007090F3 /* ContentView.swift */ = {isa = PBXFileReference; lastKnownFileType = sourcecode.swift; path = ContentView.swift; sourceTree = "<group>"; };
		8C1BBCD62A26FDFE007090F3 /* Assets.xcassets */ = {isa = PBXFileReference; lastKnownFileType = folder.assetcatalog; path = Assets.xcassets; sourceTree = "<group>"; };
		8C1BBCD92A26FDFE007090F3 /* Preview Assets.xcassets */ = {isa = PBXFileReference; lastKnownFileType = folder.assetcatalog; path = "Preview Assets.xcassets"; sourceTree = "<group>"; };
		8C33A67D2A2CA3780000A067 /* MButton.swift */ = {isa = PBXFileReference; fileEncoding = 4; lastKnownFileType = sourcecode.swift; path = MButton.swift; sourceTree = "<group>"; };
		8C33A67F2A2CA38E0000A067 /* Extentsions.swift */ = {isa = PBXFileReference; fileEncoding = 4; lastKnownFileType = sourcecode.swift; path = Extentsions.swift; sourceTree = "<group>"; };
		8C3E96D92A2A2213006B13B4 /* DisclaimerView.swift */ = {isa = PBXFileReference; lastKnownFileType = sourcecode.swift; path = DisclaimerView.swift; sourceTree = "<group>"; };
		8C3E96E22A2C33C3006B13B4 /* CompleteLessonView.swift */ = {isa = PBXFileReference; lastKnownFileType = sourcecode.swift; path = CompleteLessonView.swift; sourceTree = "<group>"; };
		8C3E96E42A2C378E006B13B4 /* IncompleteLessonView.swift */ = {isa = PBXFileReference; lastKnownFileType = sourcecode.swift; path = IncompleteLessonView.swift; sourceTree = "<group>"; };
		8C3E96E62A2C3943006B13B4 /* BackgroundStoryView.swift */ = {isa = PBXFileReference; lastKnownFileType = sourcecode.swift; path = BackgroundStoryView.swift; sourceTree = "<group>"; };
/* End PBXFileReference section */

/* Begin PBXFrameworksBuildPhase section */
		8C1BBCCC2A26FDFE007090F3 /* Frameworks */ = {
			isa = PBXFrameworksBuildPhase;
			buildActionMask = 2147483647;
			files = (
			);
			runOnlyForDeploymentPostprocessing = 0;
		};
/* End PBXFrameworksBuildPhase section */

/* Begin PBXGroup section */
		5721C6192A2ACD660010108C /* Model */ = {
			isa = PBXGroup;
			children = (
				57D3DE1B2A2CDE5200EC774D /* DataExplanationLesson.swift */,
			);
			path = Model;
			sourceTree = "<group>";
		};
		5721C61A2A2ACD6D0010108C /* View  */ = {
			isa = PBXGroup;
			children = (
				5721C61D2A2ACD940010108C /* Screen */,
				5721C61C2A2ACD800010108C /* Component */,
			);
			path = "View ";
			sourceTree = "<group>";
		};
		5721C61B2A2ACD760010108C /* ViewModel */ = {
			isa = PBXGroup;
			children = (
			);
			path = ViewModel;
			sourceTree = "<group>";
		};
		5721C61C2A2ACD800010108C /* Component */ = {
			isa = PBXGroup;
			children = (
				8C33A67D2A2CA3780000A067 /* MButton.swift */,
			);
			path = Component;
			sourceTree = "<group>";
		};
		5721C61D2A2ACD940010108C /* Screen */ = {
			isa = PBXGroup;
			children = (
				57D3DE162A2CDC7500EC774D /* OnBoardingView */,
				5721C6342A2ADB050010108C /* SplashScreen.swift */,
				8C3E96E22A2C33C3006B13B4 /* CompleteLessonView.swift */,
				8C3E96E42A2C378E006B13B4 /* IncompleteLessonView.swift */,
				572B07362A2C39A200E341A1 /* HomeScreen.swift */,
				57D3DE192A2CDCCA00EC774D /* ExplanationLessonScreen.swift */,
				57F3AEC92A2D6A3700E018DB /* MaterialScreen.swift */,
			);
			path = Screen;
			sourceTree = "<group>";
		};
		5721C6202A2AD5580010108C /* Font */ = {
			isa = PBXGroup;
			children = (
				5721C6292A2AD8920010108C /* SF-Pro-Rounded-Black.otf */,
				5721C6262A2AD8920010108C /* SF-Pro-Rounded-Bold.otf */,
				5721C6212A2AD8910010108C /* SF-Pro-Rounded-Heavy.otf */,
				5721C6252A2AD8920010108C /* SF-Pro-Rounded-Light.otf */,
				5721C6232A2AD8910010108C /* SF-Pro-Rounded-Medium.otf */,
				5721C6282A2AD8920010108C /* SF-Pro-Rounded-Regular.otf */,
				5721C6222A2AD8910010108C /* SF-Pro-Rounded-Semibold.otf */,
				5721C6272A2AD8920010108C /* SF-Pro-Rounded-Thin.otf */,
				5721C6242A2AD8920010108C /* SF-Pro-Rounded-Ultralight.otf */,
			);
			path = Font;
			sourceTree = "<group>";
		};
		57D3DE162A2CDC7500EC774D /* OnBoardingView */ = {
			isa = PBXGroup;
			children = (
				8C3E96D92A2A2213006B13B4 /* DisclaimerView.swift */,
				8C3E96E62A2C3943006B13B4 /* BackgroundStoryView.swift */,
				5721C6362A2AF0610010108C /* InputNameScreen.swift */,
				57D3DE172A2CDC9A00EC774D /* OnBoardingScreen.swift */,
			);
			path = OnBoardingView;
			sourceTree = "<group>";
		};
		8C1BBCC62A26FDFE007090F3 = {
			isa = PBXGroup;
			children = (
				8C1BBCD12A26FDFE007090F3 /* Mingo-IT */,
				8C1BBCD02A26FDFE007090F3 /* Products */,
			);
			sourceTree = "<group>";
		};
		8C1BBCD02A26FDFE007090F3 /* Products */ = {
			isa = PBXGroup;
			children = (
				8C1BBCCF2A26FDFE007090F3 /* Mingo-IT.app */,
			);
			name = Products;
			sourceTree = "<group>";
		};
		8C1BBCD12A26FDFE007090F3 /* Mingo-IT */ = {
			isa = PBXGroup;
			children = (
				5721C6332A2AD9630010108C /* Info.plist */,
				5721C6202A2AD5580010108C /* Font */,
				5721C61B2A2ACD760010108C /* ViewModel */,
				5721C61A2A2ACD6D0010108C /* View  */,
				5721C6192A2ACD660010108C /* Model */,
				8C1BBCD22A26FDFE007090F3 /* Mingo_ITApp.swift */,
				8C1BBCD42A26FDFE007090F3 /* ContentView.swift */,
				8C33A67F2A2CA38E0000A067 /* Extentsions.swift */,
				8C1BBCD62A26FDFE007090F3 /* Assets.xcassets */,
				8C1BBCD82A26FDFE007090F3 /* Preview Content */,
			);
			path = "Mingo-IT";
			sourceTree = "<group>";
		};
		8C1BBCD82A26FDFE007090F3 /* Preview Content */ = {
			isa = PBXGroup;
			children = (
				8C1BBCD92A26FDFE007090F3 /* Preview Assets.xcassets */,
			);
			path = "Preview Content";
			sourceTree = "<group>";
		};
/* End PBXGroup section */

/* Begin PBXNativeTarget section */
		8C1BBCCE2A26FDFE007090F3 /* Mingo-IT */ = {
			isa = PBXNativeTarget;
			buildConfigurationList = 8C1BBCDD2A26FDFE007090F3 /* Build configuration list for PBXNativeTarget "Mingo-IT" */;
			buildPhases = (
				8C1BBCCB2A26FDFE007090F3 /* Sources */,
				8C1BBCCC2A26FDFE007090F3 /* Frameworks */,
				8C1BBCCD2A26FDFE007090F3 /* Resources */,
			);
			buildRules = (
			);
			dependencies = (
			);
			name = "Mingo-IT";
			productName = "Mingo-IT";
			productReference = 8C1BBCCF2A26FDFE007090F3 /* Mingo-IT.app */;
			productType = "com.apple.product-type.application";
		};
/* End PBXNativeTarget section */

/* Begin PBXProject section */
		8C1BBCC72A26FDFE007090F3 /* Project object */ = {
			isa = PBXProject;
			attributes = {
				BuildIndependentTargetsInParallel = 1;
				LastSwiftUpdateCheck = 1430;
				LastUpgradeCheck = 1430;
				TargetAttributes = {
					8C1BBCCE2A26FDFE007090F3 = {
						CreatedOnToolsVersion = 14.3;
					};
				};
			};
			buildConfigurationList = 8C1BBCCA2A26FDFE007090F3 /* Build configuration list for PBXProject "Mingo-IT" */;
			compatibilityVersion = "Xcode 14.0";
			developmentRegion = en;
			hasScannedForEncodings = 0;
			knownRegions = (
				en,
				Base,
			);
			mainGroup = 8C1BBCC62A26FDFE007090F3;
			productRefGroup = 8C1BBCD02A26FDFE007090F3 /* Products */;
			projectDirPath = "";
			projectRoot = "";
			targets = (
				8C1BBCCE2A26FDFE007090F3 /* Mingo-IT */,
			);
		};
/* End PBXProject section */

/* Begin PBXResourcesBuildPhase section */
		8C1BBCCD2A26FDFE007090F3 /* Resources */ = {
			isa = PBXResourcesBuildPhase;
			buildActionMask = 2147483647;
			files = (
				5721C62D2A2AD8920010108C /* SF-Pro-Rounded-Ultralight.otf in Resources */,
				5721C6322A2AD8920010108C /* SF-Pro-Rounded-Black.otf in Resources */,
				5721C6312A2AD8920010108C /* SF-Pro-Rounded-Regular.otf in Resources */,
				5721C62F2A2AD8920010108C /* SF-Pro-Rounded-Bold.otf in Resources */,
				8C1BBCDA2A26FDFE007090F3 /* Preview Assets.xcassets in Resources */,
				5721C62C2A2AD8920010108C /* SF-Pro-Rounded-Medium.otf in Resources */,
				5721C62E2A2AD8920010108C /* SF-Pro-Rounded-Light.otf in Resources */,
				8C1BBCD72A26FDFE007090F3 /* Assets.xcassets in Resources */,
				5721C6302A2AD8920010108C /* SF-Pro-Rounded-Thin.otf in Resources */,
				5721C62A2A2AD8920010108C /* SF-Pro-Rounded-Heavy.otf in Resources */,
				5721C62B2A2AD8920010108C /* SF-Pro-Rounded-Semibold.otf in Resources */,
			);
			runOnlyForDeploymentPostprocessing = 0;
		};
/* End PBXResourcesBuildPhase section */

/* Begin PBXSourcesBuildPhase section */
		8C1BBCCB2A26FDFE007090F3 /* Sources */ = {
			isa = PBXSourcesBuildPhase;
			buildActionMask = 2147483647;
			files = (
				57D3DE182A2CDC9A00EC774D /* OnBoardingScreen.swift in Sources */,
				5721C6352A2ADB050010108C /* SplashScreen.swift in Sources */,
				57D3DE1A2A2CDCCA00EC774D /* ExplanationLessonScreen.swift in Sources */,
				8C33A67E2A2CA3780000A067 /* MButton.swift in Sources */,
				5721C6372A2AF0610010108C /* InputNameScreen.swift in Sources */,
				57F3AECA2A2D6A3700E018DB /* MaterialScreen.swift in Sources */,
				8C33A6812A2CA3C10000A067 /* DisclaimerView.swift in Sources */,
				8C33A6822A2CA3C70000A067 /* CompleteLessonView.swift in Sources */,
				572B07372A2C39A200E341A1 /* HomeScreen.swift in Sources */,
				8C33A6842A2CA3D30000A067 /* BackgroundStoryView.swift in Sources */,
				57D3DE1C2A2CDE5200EC774D /* DataExplanationLesson.swift in Sources */,
				8C1BBCD52A26FDFE007090F3 /* ContentView.swift in Sources */,
				8C33A6832A2CA3CF0000A067 /* IncompleteLessonView.swift in Sources */,
				8C1BBCD32A26FDFE007090F3 /* Mingo_ITApp.swift in Sources */,
				8C33A6802A2CA38E0000A067 /* Extentsions.swift in Sources */,
			);
			runOnlyForDeploymentPostprocessing = 0;
		};
/* End PBXSourcesBuildPhase section */

/* Begin XCBuildConfiguration section */
		8C1BBCDB2A26FDFE007090F3 /* Debug */ = {
			isa = XCBuildConfiguration;
			buildSettings = {
				ALWAYS_SEARCH_USER_PATHS = NO;
				CLANG_ANALYZER_NONNULL = YES;
				CLANG_ANALYZER_NUMBER_OBJECT_CONVERSION = YES_AGGRESSIVE;
				CLANG_CXX_LANGUAGE_STANDARD = "gnu++20";
				CLANG_ENABLE_MODULES = YES;
				CLANG_ENABLE_OBJC_ARC = YES;
				CLANG_ENABLE_OBJC_WEAK = YES;
				CLANG_WARN_BLOCK_CAPTURE_AUTORELEASING = YES;
				CLANG_WARN_BOOL_CONVERSION = YES;
				CLANG_WARN_COMMA = YES;
				CLANG_WARN_CONSTANT_CONVERSION = YES;
				CLANG_WARN_DEPRECATED_OBJC_IMPLEMENTATIONS = YES;
				CLANG_WARN_DIRECT_OBJC_ISA_USAGE = YES_ERROR;
				CLANG_WARN_DOCUMENTATION_COMMENTS = YES;
				CLANG_WARN_EMPTY_BODY = YES;
				CLANG_WARN_ENUM_CONVERSION = YES;
				CLANG_WARN_INFINITE_RECURSION = YES;
				CLANG_WARN_INT_CONVERSION = YES;
				CLANG_WARN_NON_LITERAL_NULL_CONVERSION = YES;
				CLANG_WARN_OBJC_IMPLICIT_RETAIN_SELF = YES;
				CLANG_WARN_OBJC_LITERAL_CONVERSION = YES;
				CLANG_WARN_OBJC_ROOT_CLASS = YES_ERROR;
				CLANG_WARN_QUOTED_INCLUDE_IN_FRAMEWORK_HEADER = YES;
				CLANG_WARN_RANGE_LOOP_ANALYSIS = YES;
				CLANG_WARN_STRICT_PROTOTYPES = YES;
				CLANG_WARN_SUSPICIOUS_MOVE = YES;
				CLANG_WARN_UNGUARDED_AVAILABILITY = YES_AGGRESSIVE;
				CLANG_WARN_UNREACHABLE_CODE = YES;
				CLANG_WARN__DUPLICATE_METHOD_MATCH = YES;
				COPY_PHASE_STRIP = NO;
				DEBUG_INFORMATION_FORMAT = dwarf;
				ENABLE_STRICT_OBJC_MSGSEND = YES;
				ENABLE_TESTABILITY = YES;
				GCC_C_LANGUAGE_STANDARD = gnu11;
				GCC_DYNAMIC_NO_PIC = NO;
				GCC_NO_COMMON_BLOCKS = YES;
				GCC_OPTIMIZATION_LEVEL = 0;
				GCC_PREPROCESSOR_DEFINITIONS = (
					"DEBUG=1",
					"$(inherited)",
				);
				GCC_WARN_64_TO_32_BIT_CONVERSION = YES;
				GCC_WARN_ABOUT_RETURN_TYPE = YES_ERROR;
				GCC_WARN_UNDECLARED_SELECTOR = YES;
				GCC_WARN_UNINITIALIZED_AUTOS = YES_AGGRESSIVE;
				GCC_WARN_UNUSED_FUNCTION = YES;
				GCC_WARN_UNUSED_VARIABLE = YES;
				IPHONEOS_DEPLOYMENT_TARGET = 16.4;
				MTL_ENABLE_DEBUG_INFO = INCLUDE_SOURCE;
				MTL_FAST_MATH = YES;
				ONLY_ACTIVE_ARCH = YES;
				SDKROOT = iphoneos;
				SWIFT_ACTIVE_COMPILATION_CONDITIONS = DEBUG;
				SWIFT_OPTIMIZATION_LEVEL = "-Onone";
			};
			name = Debug;
		};
		8C1BBCDC2A26FDFE007090F3 /* Release */ = {
			isa = XCBuildConfiguration;
			buildSettings = {
				ALWAYS_SEARCH_USER_PATHS = NO;
				CLANG_ANALYZER_NONNULL = YES;
				CLANG_ANALYZER_NUMBER_OBJECT_CONVERSION = YES_AGGRESSIVE;
				CLANG_CXX_LANGUAGE_STANDARD = "gnu++20";
				CLANG_ENABLE_MODULES = YES;
				CLANG_ENABLE_OBJC_ARC = YES;
				CLANG_ENABLE_OBJC_WEAK = YES;
				CLANG_WARN_BLOCK_CAPTURE_AUTORELEASING = YES;
				CLANG_WARN_BOOL_CONVERSION = YES;
				CLANG_WARN_COMMA = YES;
				CLANG_WARN_CONSTANT_CONVERSION = YES;
				CLANG_WARN_DEPRECATED_OBJC_IMPLEMENTATIONS = YES;
				CLANG_WARN_DIRECT_OBJC_ISA_USAGE = YES_ERROR;
				CLANG_WARN_DOCUMENTATION_COMMENTS = YES;
				CLANG_WARN_EMPTY_BODY = YES;
				CLANG_WARN_ENUM_CONVERSION = YES;
				CLANG_WARN_INFINITE_RECURSION = YES;
				CLANG_WARN_INT_CONVERSION = YES;
				CLANG_WARN_NON_LITERAL_NULL_CONVERSION = YES;
				CLANG_WARN_OBJC_IMPLICIT_RETAIN_SELF = YES;
				CLANG_WARN_OBJC_LITERAL_CONVERSION = YES;
				CLANG_WARN_OBJC_ROOT_CLASS = YES_ERROR;
				CLANG_WARN_QUOTED_INCLUDE_IN_FRAMEWORK_HEADER = YES;
				CLANG_WARN_RANGE_LOOP_ANALYSIS = YES;
				CLANG_WARN_STRICT_PROTOTYPES = YES;
				CLANG_WARN_SUSPICIOUS_MOVE = YES;
				CLANG_WARN_UNGUARDED_AVAILABILITY = YES_AGGRESSIVE;
				CLANG_WARN_UNREACHABLE_CODE = YES;
				CLANG_WARN__DUPLICATE_METHOD_MATCH = YES;
				COPY_PHASE_STRIP = NO;
				DEBUG_INFORMATION_FORMAT = "dwarf-with-dsym";
				ENABLE_NS_ASSERTIONS = NO;
				ENABLE_STRICT_OBJC_MSGSEND = YES;
				GCC_C_LANGUAGE_STANDARD = gnu11;
				GCC_NO_COMMON_BLOCKS = YES;
				GCC_WARN_64_TO_32_BIT_CONVERSION = YES;
				GCC_WARN_ABOUT_RETURN_TYPE = YES_ERROR;
				GCC_WARN_UNDECLARED_SELECTOR = YES;
				GCC_WARN_UNINITIALIZED_AUTOS = YES_AGGRESSIVE;
				GCC_WARN_UNUSED_FUNCTION = YES;
				GCC_WARN_UNUSED_VARIABLE = YES;
				IPHONEOS_DEPLOYMENT_TARGET = 16.4;
				MTL_ENABLE_DEBUG_INFO = NO;
				MTL_FAST_MATH = YES;
				SDKROOT = iphoneos;
				SWIFT_COMPILATION_MODE = wholemodule;
				SWIFT_OPTIMIZATION_LEVEL = "-O";
				VALIDATE_PRODUCT = YES;
			};
			name = Release;
		};
		8C1BBCDE2A26FDFE007090F3 /* Debug */ = {
			isa = XCBuildConfiguration;
			buildSettings = {
				ASSETCATALOG_COMPILER_APPICON_NAME = AppIcon;
				ASSETCATALOG_COMPILER_GLOBAL_ACCENT_COLOR_NAME = AccentColor;
				CODE_SIGN_STYLE = Automatic;
				CURRENT_PROJECT_VERSION = 1;
				DEVELOPMENT_ASSET_PATHS = "\"Mingo-IT/Preview Content\"";
				ENABLE_PREVIEWS = YES;
				GENERATE_INFOPLIST_FILE = YES;
				INFOPLIST_FILE = "Mingo-IT/Info.plist";
				INFOPLIST_KEY_UIApplicationSceneManifest_Generation = YES;
				INFOPLIST_KEY_UIApplicationSupportsIndirectInputEvents = YES;
				INFOPLIST_KEY_UILaunchScreen_Generation = YES;
				INFOPLIST_KEY_UISupportedInterfaceOrientations_iPad = "UIInterfaceOrientationPortrait UIInterfaceOrientationPortraitUpsideDown UIInterfaceOrientationLandscapeLeft UIInterfaceOrientationLandscapeRight";
				INFOPLIST_KEY_UISupportedInterfaceOrientations_iPhone = "UIInterfaceOrientationPortrait UIInterfaceOrientationLandscapeLeft UIInterfaceOrientationLandscapeRight";
				LD_RUNPATH_SEARCH_PATHS = (
					"$(inherited)",
					"@executable_path/Frameworks",
				);
				MARKETING_VERSION = 1.0;
				PRODUCT_BUNDLE_IDENTIFIER = "tecko.Mingo-IT";
				PRODUCT_NAME = "$(TARGET_NAME)";
				SWIFT_EMIT_LOC_STRINGS = YES;
				SWIFT_VERSION = 5.0;
				TARGETED_DEVICE_FAMILY = "1,2";
			};
			name = Debug;
		};
		8C1BBCDF2A26FDFE007090F3 /* Release */ = {
			isa = XCBuildConfiguration;
			buildSettings = {
				ASSETCATALOG_COMPILER_APPICON_NAME = AppIcon;
				ASSETCATALOG_COMPILER_GLOBAL_ACCENT_COLOR_NAME = AccentColor;
				CODE_SIGN_STYLE = Automatic;
				CURRENT_PROJECT_VERSION = 1;
				DEVELOPMENT_ASSET_PATHS = "\"Mingo-IT/Preview Content\"";
				ENABLE_PREVIEWS = YES;
				GENERATE_INFOPLIST_FILE = YES;
				INFOPLIST_FILE = "Mingo-IT/Info.plist";
				INFOPLIST_KEY_UIApplicationSceneManifest_Generation = YES;
				INFOPLIST_KEY_UIApplicationSupportsIndirectInputEvents = YES;
				INFOPLIST_KEY_UILaunchScreen_Generation = YES;
				INFOPLIST_KEY_UISupportedInterfaceOrientations_iPad = "UIInterfaceOrientationPortrait UIInterfaceOrientationPortraitUpsideDown UIInterfaceOrientationLandscapeLeft UIInterfaceOrientationLandscapeRight";
				INFOPLIST_KEY_UISupportedInterfaceOrientations_iPhone = "UIInterfaceOrientationPortrait UIInterfaceOrientationLandscapeLeft UIInterfaceOrientationLandscapeRight";
				LD_RUNPATH_SEARCH_PATHS = (
					"$(inherited)",
					"@executable_path/Frameworks",
				);
				MARKETING_VERSION = 1.0;
				PRODUCT_BUNDLE_IDENTIFIER = "tecko.Mingo-IT";
				PRODUCT_NAME = "$(TARGET_NAME)";
				SWIFT_EMIT_LOC_STRINGS = YES;
				SWIFT_VERSION = 5.0;
				TARGETED_DEVICE_FAMILY = "1,2";
			};
			name = Release;
		};
/* End XCBuildConfiguration section */

/* Begin XCConfigurationList section */
		8C1BBCCA2A26FDFE007090F3 /* Build configuration list for PBXProject "Mingo-IT" */ = {
			isa = XCConfigurationList;
			buildConfigurations = (
				8C1BBCDB2A26FDFE007090F3 /* Debug */,
				8C1BBCDC2A26FDFE007090F3 /* Release */,
			);
			defaultConfigurationIsVisible = 0;
			defaultConfigurationName = Release;
		};
		8C1BBCDD2A26FDFE007090F3 /* Build configuration list for PBXNativeTarget "Mingo-IT" */ = {
			isa = XCConfigurationList;
			buildConfigurations = (
				8C1BBCDE2A26FDFE007090F3 /* Debug */,
				8C1BBCDF2A26FDFE007090F3 /* Release */,
			);
			defaultConfigurationIsVisible = 0;
			defaultConfigurationName = Release;
		};
/* End XCConfigurationList section */
	};
	rootObject = 8C1BBCC72A26FDFE007090F3 /* Project object */;
}
